
Microsoft Visual Studio Solution File, Format Version 12.00
# Visual Studio 15
VisualStudioVersion = 15.0.28010.2003
MinimumVisualStudioVersion = 10.0.40219.1
Project("{8BC9CEB8-8B4A-11D0-8D11-00A0C91BC942}") = "sysmon", "sysmon\sysmon.vcxproj", "{F7A16534-12EF-46F2-9248-298928838F78}"
EndProject
Global
	GlobalSection(SolutionConfigurationPlatforms) = preSolution
		Debug|x64 = Debug|x64
		Debug|x86 = Debug|x86
		Release|x64 = Release|x64
		Release|x86 = Release|x86
	EndGlobalSection
	GlobalSection(ProjectConfigurationPlatforms) = postSolution
		{F7A16534-12EF-46F2-9248-298928838F78}.Debug|x64.ActiveCfg = Debug|x64
		{F7A16534-12EF-46F2-9248-298928838F78}.Debug|x64.Build.0 = Debug|x64
		{F7A16534-12EF-46F2-9248-298928838F78}.Debug|x86.ActiveCfg = Debug|Win32
		{F7A16534-12EF-46F2-9248-298928838F78}.Debug|x86.Build.0 = Debug|Win32
		{F7A16534-12EF-46F2-9248-298928838F78}.Release|x64.ActiveCfg = Release|x64
		{F7A16534-12EF-46F2-9248-298928838F78}.Release|x64.Build.0 = Release|x64
		{F7A16534-12EF-46F2-9248-298928838F78}.Release|x86.ActiveCfg = Release|Win32
		{F7A16534-12EF-46F2-9248-298928838F78}.Release|x86.Build.0 = Release|Win32
	EndGlobalSection
	GlobalSection(SolutionProperties) = preSolution
		HideSolutionNode = FALSE
	EndGlobalSection
	GlobalSection(ExtensibilityGlobals) = postSolution
		SolutionGuid = {1D2FCA70-6D47-41F9-AAB8-D0BDA749A205}
	EndGlobalSection
EndGlobal
